<?xml version="1.0" encoding="utf-8"?>
<Project ToolsVersion="4.0" xmlns="http://schemas.microsoft.com/developer/msbuild/2003">
  <ItemGroup>
    <Filter Include="源文件">
      <UniqueIdentifier>{4FC737F1-C7A5-4376-A066-2A32D752A2FF}</UniqueIdentifier>
      <Extensions>cpp;c;cc;cxx;def;odl;idl;hpj;bat;asm;asmx</Extensions>
    </Filter>
    <Filter Include="头文件">
      <UniqueIdentifier>{93995380-89BD-4b04-88EB-625FBE52EBFB}</UniqueIdentifier>
      <Extensions>h;hh;hpp;hxx;hm;inl;inc;ipp;xsd</Extensions>
    </Filter>
    <Filter Include="资源文件">
      <UniqueIdentifier>{67DA6AB6-F800-4c08-8B7A-83BB121AAD01}</UniqueIdentifier>
      <Extensions>rc;ico;cur;bmp;dlg;rc2;rct;bin;rgs;gif;jpg;jpeg;jpe;resx;tiff;tif;png;wav;mfcribbon-ms</Extensions>
    </Filter>
  </ItemGroup>
  <ItemGroup>
    <ClInclude Include="stdafx.h">
      <Filter>头文件</Filter>
    </ClInclude>
    <ClInclude Include="targetver.h">
      <Filter>头文件</Filter>
    </ClInclude>
    <ClInclude Include="..\..\..\inc\bp_connack.h">
      <Filter>头文件</Filter>
    </ClInclude>
    <ClInclude Include="..\..\..\inc\bp_connect.h">
      <Filter>头文件</Filter>
    </ClInclude>
    <ClInclude Include="..\..\..\inc\bp_crc16.h">
      <Filter>头文件</Filter>
    </ClInclude>
    <ClInclude Include="..\..\..\inc\bp_crc32.h">
      <Filter>头文件</Filter>
    </ClInclude>
    <ClInclude Include="..\..\..\inc\bp_disconn.h">
      <Filter>头文件</Filter>
    </ClInclude>
    <ClInclude Include="..\..\..\inc\bp_fix_flags.h">
      <Filter>头文件</Filter>
    </ClInclude>
    <ClInclude Include="..\..\..\inc\bp_getack.h">
      <Filter>头文件</Filter>
    </ClInclude>
    <ClInclude Include="..\..\..\inc\bp_init.h">
      <Filter>头文件</Filter>
    </ClInclude>
    <ClInclude Include="..\..\..\inc\bp_make_fix_head.h">
      <Filter>头文件</Filter>
    </ClInclude>
    <ClInclude Include="..\..\..\inc\bp_make_pack.h">
      <Filter>头文件</Filter>
    </ClInclude>
    <ClInclude Include="..\..\..\inc\bp_make_payload.h">
      <Filter>头文件</Filter>
    </ClInclude>
    <ClInclude Include="..\..\..\inc\bp_make_vrb_head.h">
      <Filter>头文件</Filter>
    </ClInclude>
    <ClInclude Include="..\..\..\inc\bp_memcpy.h">
      <Filter>头文件</Filter>
    </ClInclude>
    <ClInclude Include="..\..\..\inc\bp_memset.h">
      <Filter>头文件</Filter>
    </ClInclude>
    <ClInclude Include="..\..\..\inc\bp_pack_type.h">
      <Filter>头文件</Filter>
    </ClInclude>
    <ClInclude Include="..\..\..\inc\bp_parse.h">
      <Filter>头文件</Filter>
    </ClInclude>
    <ClInclude Include="..\..\..\inc\bp_ping.h">
      <Filter>头文件</Filter>
    </ClInclude>
    <ClInclude Include="..\..\..\inc\bp_pingack.h">
      <Filter>头文件</Filter>
    </ClInclude>
    <ClInclude Include="..\..\..\inc\bp_post.h">
      <Filter>头文件</Filter>
    </ClInclude>
    <ClInclude Include="..\..\..\inc\bp_postack.h">
      <Filter>头文件</Filter>
    </ClInclude>
    <ClInclude Include="..\..\..\inc\bp_public.h">
      <Filter>头文件</Filter>
    </ClInclude>
    <ClInclude Include="..\..\..\inc\bp_report.h">
      <Filter>头文件</Filter>
    </ClInclude>
    <ClInclude Include="..\..\..\inc\bp_rprtack.h">
      <Filter>头文件</Filter>
    </ClInclude>
    <ClInclude Include="..\..\..\inc\bp_sig_str.h">
      <Filter>头文件</Filter>
    </ClInclude>
    <ClInclude Include="..\..\..\inc\bp_sig_table_tools.h">
      <Filter>头文件</Filter>
    </ClInclude>
    <ClInclude Include="..\..\..\inc\bp_strlen.h">
      <Filter>头文件</Filter>
    </ClInclude>
    <ClInclude Include="..\..\..\inc\bp_utils.h">
      <Filter>头文件</Filter>
    </ClInclude>
    <ClInclude Include="..\..\..\inc\bp_vrb_flags.h">
      <Filter>头文件</Filter>
    </ClInclude>
    <ClInclude Include="..\..\..\inc\bpclient_config.h">
      <Filter>头文件</Filter>
    </ClInclude>
    <ClInclude Include="..\..\..\inc\md5.h">
      <Filter>头文件</Filter>
    </ClInclude>
    <ClInclude Include="..\..\..\inc\sha2.h">
      <Filter>头文件</Filter>
    </ClInclude>
    <ClInclude Include="..\..\..\sig_table\bp_custom_sig_table.h">
      <Filter>头文件</Filter>
    </ClInclude>
    <ClInclude Include="..\..\..\sig_table\bp_sig_table.h">
      <Filter>头文件</Filter>
    </ClInclude>
  </ItemGroup>
  <ItemGroup>
    <ClCompile Include="stdafx.cpp">
      <Filter>源文件</Filter>
    </ClCompile>
    <ClCompile Include="dllmain.cpp">
      <Filter>源文件</Filter>
    </ClCompile>
    <ClCompile Include="..\..\..\src\bp_connect.c">
      <Filter>源文件</Filter>
    </ClCompile>
    <ClCompile Include="..\..\..\src\bp_crc16.c">
      <Filter>源文件</Filter>
    </ClCompile>
    <ClCompile Include="..\..\..\src\bp_crc32.c">
      <Filter>源文件</Filter>
    </ClCompile>
    <ClCompile Include="..\..\..\src\bp_cus_alm_sig.c">
      <Filter>源文件</Filter>
    </ClCompile>
    <ClCompile Include="..\..\..\src\bp_cus_sig.c">
      <Filter>源文件</Filter>
    </ClCompile>
    <ClCompile Include="..\..\..\src\bp_disconn.c">
      <Filter>源文件</Filter>
    </ClCompile>
    <ClCompile Include="..\..\..\src\bp_getack.c">
      <Filter>源文件</Filter>
    </ClCompile>
    <ClCompile Include="..\..\..\src\bp_init.c">
      <Filter>源文件</Filter>
    </ClCompile>
    <ClCompile Include="..\..\..\src\bp_lang_res.c">
      <Filter>源文件</Filter>
    </ClCompile>
    <ClCompile Include="..\..\..\src\bp_make_fix_head.c">
      <Filter>源文件</Filter>
    </ClCompile>
    <ClCompile Include="..\..\..\src\bp_make_pack.c">
      <Filter>源文件</Filter>
    </ClCompile>
    <ClCompile Include="..\..\..\src\bp_make_payload.c">
      <Filter>源文件</Filter>
    </ClCompile>
    <ClCompile Include="..\..\..\src\bp_make_vrb_head.c">
      <Filter>源文件</Filter>
    </ClCompile>
    <ClCompile Include="..\..\..\src\bp_memcpy.c">
      <Filter>源文件</Filter>
    </ClCompile>
    <ClCompile Include="..\..\..\src\bp_memset.c">
      <Filter>源文件</Filter>
    </ClCompile>
    <ClCompile Include="..\..\..\src\bp_parse.c">
      <Filter>源文件</Filter>
    </ClCompile>
    <ClCompile Include="..\..\..\src\bp_ping.c">
      <Filter>源文件</Filter>
    </ClCompile>
    <ClCompile Include="..\..\..\src\bp_post.c">
      <Filter>源文件</Filter>
    </ClCompile>
    <ClCompile Include="..\..\..\src\bp_postack.c">
      <Filter>源文件</Filter>
    </ClCompile>
    <ClCompile Include="..\..\..\src\bp_public.c">
      <Filter>源文件</Filter>
    </ClCompile>
    <ClCompile Include="..\..\..\src\bp_report.c">
      <Filter>源文件</Filter>
    </ClCompile>
    <ClCompile Include="..\..\..\src\bp_sig_table_tools.c">
      <Filter>源文件</Filter>
    </ClCompile>
    <ClCompile Include="..\..\..\src\bp_strlen.c">
      <Filter>源文件</Filter>
    </ClCompile>
    <ClCompile Include="..\..\..\src\bp_sys_alm_sig.c">
      <Filter>源文件</Filter>
    </ClCompile>
    <ClCompile Include="..\..\..\src\bp_utils.c">
      <Filter>源文件</Filter>
    </ClCompile>
    <ClCompile Include="..\..\..\src\md5.c">
      <Filter>源文件</Filter>
    </ClCompile>
    <ClCompile Include="..\..\..\src\sha2.c">
      <Filter>源文件</Filter>
    </ClCompile>
    <ClCompile Include="..\..\..\sig_table\bp_custom_sig_table.c">
      <Filter>源文件</Filter>
    </ClCompile>
    <ClCompile Include="..\..\..\sig_table\bp_sig_table.c">
      <Filter>源文件</Filter>
    </ClCompile>
  </ItemGroup>
</Project>